// !$*UTF8*$!
{
	archiveVersion = 1;
	classes = {
	};
	objectVersion = 77;
	objects = {

/* Begin PBXBuildFile section */
		03ABE208E653954FFA7C188B /* HealthSyncManager.swift in Sources */ = {isa = PBXBuildFile; fileRef = 2F0BDC7B137561E331BF1E75 /* HealthSyncManager.swift */; };
		0FF2B6965DD24AB3D14A0AED /* Diagnostics.swift in Sources */ = {isa = PBXBuildFile; fileRef = 1D4CAA6ED13D9894855579CB /* Diagnostics.swift */; };
		1098BC588CD635EFDB480A5E /* ModelsView.swift in Sources */ = {isa = PBXBuildFile; fileRef = F04405F2295A9C68F9A6A6B6 /* ModelsView.swift */; };
		1BCE687E026DB31B8C68E237 /* ContentView.swift in Sources */ = {isa = PBXBuildFile; fileRef = 0856C60FC0AEC904BAF152E3 /* ContentView.swift */; };
		422395730B7AA2C3D90DACD4 /* Models.swift in Sources */ = {isa = PBXBuildFile; fileRef = 6ACD6487944856E16ACDF314 /* Models.swift */; };
		44A66230F4122A3E819DB3AB /* TrendsView.swift in Sources */ = {isa = PBXBuildFile; fileRef = 7E02A8297D12920046053F31 /* TrendsView.swift */; };
		5242208F026698FE4502C7BD /* SyncEndpoint.swift in Sources */ = {isa = PBXBuildFile; fileRef = 23FAD9C91D4296152C4F9AA0 /* SyncEndpoint.swift */; };
		5C2B6A39BCE5D153626F6E2B /* HealthSyncApp.swift in Sources */ = {isa = PBXBuildFile; fileRef = 5213A79BCA3BDE3936043E71 /* HealthSyncApp.swift */; };
		60E0E55B476C891293367148 /* Assets.xcassets in Resources */ = {isa = PBXBuildFile; fileRef = DAFA7F14A31207ED589CADCA /* Assets.xcassets */; };
		6D40966235AC5BF2425A7D2A /* SplashView.swift in Sources */ = {isa = PBXBuildFile; fileRef = 720CBABC7BBDC9ACEC7537C5 /* SplashView.swift */; };
		6EEB8F77BB479D9E014129F7 /* InfoSheets.swift in Sources */ = {isa = PBXBuildFile; fileRef = BB8B22C5FAC8721DFDD9839F /* InfoSheets.swift */; };
		729EFE56EF07FB7A1B686DB2 /* HealthSyncWidget.appex in Embed Foundation Extensions */ = {isa = PBXBuildFile; fileRef = EE163EAE608D81F2A8391A9E /* HealthSyncWidget.appex */; settings = {ATTRIBUTES = (RemoveHeadersOnCopy, ); }; };
		7C4475382DE8EF4E2F84EA6B /* DiagnosticsView.swift in Sources */ = {isa = PBXBuildFile; fileRef = F2FD885AB860E8E3C80B353D /* DiagnosticsView.swift */; };
		830CBD7D55890427DD949339 /* WorkoutRoutes.swift in Sources */ = {isa = PBXBuildFile; fileRef = BBD7BD21C30D2FFFD6DC1039 /* WorkoutRoutes.swift */; };
		84DB43705F1E55FB6513C5E9 /* SpecMetrics.swift in Sources */ = {isa = PBXBuildFile; fileRef = 8C485CA4FF9F125C920940D8 /* SpecMetrics.swift */; };
		9177A1C6434EAD3BEA113D55 /* LocationSources.swift in Sources */ = {isa = PBXBuildFile; fileRef = 06352EDD6F3B2147A4B8322B /* LocationSources.swift */; };
		961864A58AD969EB7EC458BE /* LocationMapView.swift in Sources */ = {isa = PBXBuildFile; fileRef = 773BC8C4E6CCD7EB12538F50 /* LocationMapView.swift */; };
		99B2F9F7962B64C482C93F71 /* Pilot in Frameworks */ = {isa = PBXBuildFile; productRef = 6B5AA7BEAF67C7069E4BF5B1 /* Pilot */; };
		9F4EB4AC9E8BF07E27316353 /* SyncTransport.swift in Sources */ = {isa = PBXBuildFile; fileRef = 3565E55794B0FBDC4D87397A /* SyncTransport.swift */; };
		A0949629205DE44B804BB5B5 /* WidgetSnapshot.swift in Sources */ = {isa = PBXBuildFile; fileRef = A271D9B5DB8936C294849EAD /* WidgetSnapshot.swift */; };
		A38D1CB049233F77B3B84441 /* HexGrid.swift in Sources */ = {isa = PBXBuildFile; fileRef = 711F05E30D134C3602CB814F /* HexGrid.swift */; };
		A9BD6E8C6773EA71DE16642F /* PhotosLocationProvider.swift in Sources */ = {isa = PBXBuildFile; fileRef = 98F67ED77DCFA10CCF340FA4 /* PhotosLocationProvider.swift */; };
		AF5F8578BB687F2F01AB16BC /* HealthSyncWidget.swift in Sources */ = {isa = PBXBuildFile; fileRef = 2C8F1E15BBD43AC25D1507DD /* HealthSyncWidget.swift */; };
		B1981469FD3A79F49CC29DBA /* LocationProvider.swift in Sources */ = {isa = PBXBuildFile; fileRef = BF591461757E10363BED3905 /* LocationProvider.swift */; };
		B67E22032D177630E33C2A9F /* Readiness.swift in Sources */ = {isa = PBXBuildFile; fileRef = 1C63F4455A8EC2EA28B11FE0 /* Readiness.swift */; };
		C0F7A7E5CC6141AAFF7C5700 /* NotificationManager.swift in Sources */ = {isa = PBXBuildFile; fileRef = 53C87B0A573CC55061DC8A4D /* NotificationManager.swift */; };
		C53BD3D1C444E070AE7E9260 /* TimeSeries.swift in Sources */ = {isa = PBXBuildFile; fileRef = D87C881F7E34724C846C8401 /* TimeSeries.swift */; };
		C82AB7FBBC4128B09E6952E5 /* WidgetSnapshot.swift in Sources */ = {isa = PBXBuildFile; fileRef = A271D9B5DB8936C294849EAD /* WidgetSnapshot.swift */; };
		CB2B0661E73609A3AAD32E5B /* DataTypes.swift in Sources */ = {isa = PBXBuildFile; fileRef = DB48B32DE1040ED9D8C91994 /* DataTypes.swift */; };
		D334BBF1EA03D893B2592F6C /* PilotBoot.swift in Sources */ = {isa = PBXBuildFile; fileRef = 01CBFDB2956ED71EEE7DF441 /* PilotBoot.swift */; };
		E31A011359BBC8C2E50E8B0F /* NetworkMonitor.swift in Sources */ = {isa = PBXBuildFile; fileRef = 206660A9A149FC45E29D4B18 /* NetworkMonitor.swift */; };
		FB026DA8E2F105689A2468EF /* PilotSyncTransport.swift in Sources */ = {isa = PBXBuildFile; fileRef = 80F2113621E0FAB2306CE5FC /* PilotSyncTransport.swift */; };
/* End PBXBuildFile section */

/* Begin PBXContainerItemProxy section */
		1AD023981E161F6E45FC0D3A /* PBXContainerItemProxy */ = {
			isa = PBXContainerItemProxy;
			containerPortal = F4549D80C7EEB3189A9CF84C /* Project object */;
			proxyType = 1;
			remoteGlobalIDString = 77355015D52EB5B006E970D9;
			remoteInfo = HealthSyncWidget;
		};
/* End PBXContainerItemProxy section */

/* Begin PBXCopyFilesBuildPhase section */
		084B510F46FD9D72F63B62DB /* Embed Foundation Extensions */ = {
			isa = PBXCopyFilesBuildPhase;
			buildActionMask = 2147483647;
			dstPath = "";
			dstSubfolderSpec = 13;
			files = (
				729EFE56EF07FB7A1B686DB2 /* HealthSyncWidget.appex in Embed Foundation Extensions */,
			);
			name = "Embed Foundation Extensions";
			runOnlyForDeploymentPostprocessing = 0;
		};
/* End PBXCopyFilesBuildPhase section */

/* Begin PBXFileReference section */
		01CBFDB2956ED71EEE7DF441 /* PilotBoot.swift */ = {isa = PBXFileReference; lastKnownFileType = sourcecode.swift; path = PilotBoot.swift; sourceTree = "<group>"; };
		06352EDD6F3B2147A4B8322B /* LocationSources.swift */ = {isa = PBXFileReference; lastKnownFileType = sourcecode.swift; path = LocationSources.swift; sourceTree = "<group>"; };
		0856C60FC0AEC904BAF152E3 /* ContentView.swift */ = {isa = PBXFileReference; lastKnownFileType = sourcecode.swift; path = ContentView.swift; sourceTree = "<group>"; };
		1C63F4455A8EC2EA28B11FE0 /* Readiness.swift */ = {isa = PBXFileReference; lastKnownFileType = sourcecode.swift; path = Readiness.swift; sourceTree = "<group>"; };
		1D343810F4B4383E36DAE2F1 /* HealthSync.app */ = {isa = PBXFileReference; explicitFileType = wrapper.application; includeInIndex = 0; path = HealthSync.app; sourceTree = BUILT_PRODUCTS_DIR; };
		1D4CAA6ED13D9894855579CB /* Diagnostics.swift */ = {isa = PBXFileReference; lastKnownFileType = sourcecode.swift; path = Diagnostics.swift; sourceTree = "<group>"; };
		206660A9A149FC45E29D4B18 /* NetworkMonitor.swift */ = {isa = PBXFileReference; lastKnownFileType = sourcecode.swift; path = NetworkMonitor.swift; sourceTree = "<group>"; };
		23FAD9C91D4296152C4F9AA0 /* SyncEndpoint.swift */ = {isa = PBXFileReference; lastKnownFileType = sourcecode.swift; path = SyncEndpoint.swift; sourceTree = "<group>"; };
		2C8F1E15BBD43AC25D1507DD /* HealthSyncWidget.swift */ = {isa = PBXFileReference; lastKnownFileType = sourcecode.swift; path = HealthSyncWidget.swift; sourceTree = "<group>"; };
		2F0BDC7B137561E331BF1E75 /* HealthSyncManager.swift */ = {isa = PBXFileReference; lastKnownFileType = sourcecode.swift; path = HealthSyncManager.swift; sourceTree = "<group>"; };
		3565E55794B0FBDC4D87397A /* SyncTransport.swift */ = {isa = PBXFileReference; lastKnownFileType = sourcecode.swift; path = SyncTransport.swift; sourceTree = "<group>"; };
		5213A79BCA3BDE3936043E71 /* HealthSyncApp.swift */ = {isa = PBXFileReference; lastKnownFileType = sourcecode.swift; path = HealthSyncApp.swift; sourceTree = "<group>"; };
		53C87B0A573CC55061DC8A4D /* NotificationManager.swift */ = {isa = PBXFileReference; lastKnownFileType = sourcecode.swift; path = NotificationManager.swift; sourceTree = "<group>"; };
		6ACD6487944856E16ACDF314 /* Models.swift */ = {isa = PBXFileReference; lastKnownFileType = sourcecode.swift; path = Models.swift; sourceTree = "<group>"; };
		711F05E30D134C3602CB814F /* HexGrid.swift */ = {isa = PBXFileReference; lastKnownFileType = sourcecode.swift; path = HexGrid.swift; sourceTree = "<group>"; };
		720CBABC7BBDC9ACEC7537C5 /* SplashView.swift */ = {isa = PBXFileReference; lastKnownFileType = sourcecode.swift; path = SplashView.swift; sourceTree = "<group>"; };
		773BC8C4E6CCD7EB12538F50 /* LocationMapView.swift */ = {isa = PBXFileReference; lastKnownFileType = sourcecode.swift; path = LocationMapView.swift; sourceTree = "<group>"; };
		7E02A8297D12920046053F31 /* TrendsView.swift */ = {isa = PBXFileReference; lastKnownFileType = sourcecode.swift; path = TrendsView.swift; sourceTree = "<group>"; };
		80F2113621E0FAB2306CE5FC /* PilotSyncTransport.swift */ = {isa = PBXFileReference; lastKnownFileType = sourcecode.swift; path = PilotSyncTransport.swift; sourceTree = "<group>"; };
		8C485CA4FF9F125C920940D8 /* SpecMetrics.swift */ = {isa = PBXFileReference; lastKnownFileType = sourcecode.swift; path = SpecMetrics.swift; sourceTree = "<group>"; };
		98F67ED77DCFA10CCF340FA4 /* PhotosLocationProvider.swift */ = {isa = PBXFileReference; lastKnownFileType = sourcecode.swift; path = PhotosLocationProvider.swift; sourceTree = "<group>"; };
		A271D9B5DB8936C294849EAD /* WidgetSnapshot.swift */ = {isa = PBXFileReference; lastKnownFileType = sourcecode.swift; path = WidgetSnapshot.swift; sourceTree = "<group>"; };
		BB8B22C5FAC8721DFDD9839F /* InfoSheets.swift */ = {isa = PBXFileReference; lastKnownFileType = sourcecode.swift; path = InfoSheets.swift; sourceTree = "<group>"; };
		BBD7BD21C30D2FFFD6DC1039 /* WorkoutRoutes.swift */ = {isa = PBXFileReference; lastKnownFileType = sourcecode.swift; path = WorkoutRoutes.swift; sourceTree = "<group>"; };
		BF591461757E10363BED3905 /* LocationProvider.swift */ = {isa = PBXFileReference; lastKnownFileType = sourcecode.swift; path = LocationProvider.swift; sourceTree = "<group>"; };
		D87C881F7E34724C846C8401 /* TimeSeries.swift */ = {isa = PBXFileReference; lastKnownFileType = sourcecode.swift; path = TimeSeries.swift; sourceTree = "<group>"; };
		DAFA7F14A31207ED589CADCA /* Assets.xcassets */ = {isa = PBXFileReference; lastKnownFileType = folder.assetcatalog; path = Assets.xcassets; sourceTree = "<group>"; };
		DB48B32DE1040ED9D8C91994 /* DataTypes.swift */ = {isa = PBXFileReference; lastKnownFileType = sourcecode.swift; path = DataTypes.swift; sourceTree = "<group>"; };
		EE163EAE608D81F2A8391A9E /* HealthSyncWidget.appex */ = {isa = PBXFileReference; explicitFileType = "wrapper.app-extension"; includeInIndex = 0; path = HealthSyncWidget.appex; sourceTree = BUILT_PRODUCTS_DIR; };
		F04405F2295A9C68F9A6A6B6 /* ModelsView.swift */ = {isa = PBXFileReference; lastKnownFileType = sourcecode.swift; path = ModelsView.swift; sourceTree = "<group>"; };
		F2FD885AB860E8E3C80B353D /* DiagnosticsView.swift */ = {isa = PBXFileReference; lastKnownFileType = sourcecode.swift; path = DiagnosticsView.swift; sourceTree = "<group>"; };
		F97FFCB67DFC1815C3F1D8EA /* pilot-swift */ = {isa = PBXFileReference; lastKnownFileType = folder; name = "pilot-swift"; path = "../pilot-swift"; sourceTree = SOURCE_ROOT; };
/* End PBXFileReference section */

/* Begin PBXFrameworksBuildPhase section */
		E4452009DBDFBC8610956900 /* Frameworks */ = {
			isa = PBXFrameworksBuildPhase;
			buildActionMask = 2147483647;
			files = (
				99B2F9F7962B64C482C93F71 /* Pilot in Frameworks */,
			);
			runOnlyForDeploymentPostprocessing = 0;
		};
/* End PBXFrameworksBuildPhase section */

/* Begin PBXGroup section */
		04FE962AFCDCE2EB2C2661AA /* Products */ = {
			isa = PBXGroup;
			children = (
				1D343810F4B4383E36DAE2F1 /* HealthSync.app */,
				EE163EAE608D81F2A8391A9E /* HealthSyncWidget.appex */,
			);
			name = Products;
			sourceTree = "<group>";
		};
		1618E30B30C691EB111703F1 /* HealthSync */ = {
			isa = PBXGroup;
			children = (
				DAFA7F14A31207ED589CADCA /* Assets.xcassets */,
				0856C60FC0AEC904BAF152E3 /* ContentView.swift */,
				DB48B32DE1040ED9D8C91994 /* DataTypes.swift */,
				1D4CAA6ED13D9894855579CB /* Diagnostics.swift */,
				F2FD885AB860E8E3C80B353D /* DiagnosticsView.swift */,
				5213A79BCA3BDE3936043E71 /* HealthSyncApp.swift */,
				2F0BDC7B137561E331BF1E75 /* HealthSyncManager.swift */,
				711F05E30D134C3602CB814F /* HexGrid.swift */,
				BB8B22C5FAC8721DFDD9839F /* InfoSheets.swift */,
				773BC8C4E6CCD7EB12538F50 /* LocationMapView.swift */,
				BF591461757E10363BED3905 /* LocationProvider.swift */,
				06352EDD6F3B2147A4B8322B /* LocationSources.swift */,
				6ACD6487944856E16ACDF314 /* Models.swift */,
				F04405F2295A9C68F9A6A6B6 /* ModelsView.swift */,
				206660A9A149FC45E29D4B18 /* NetworkMonitor.swift */,
				53C87B0A573CC55061DC8A4D /* NotificationManager.swift */,
				98F67ED77DCFA10CCF340FA4 /* PhotosLocationProvider.swift */,
				01CBFDB2956ED71EEE7DF441 /* PilotBoot.swift */,
				80F2113621E0FAB2306CE5FC /* PilotSyncTransport.swift */,
				1C63F4455A8EC2EA28B11FE0 /* Readiness.swift */,
				8C485CA4FF9F125C920940D8 /* SpecMetrics.swift */,
				720CBABC7BBDC9ACEC7537C5 /* SplashView.swift */,
				23FAD9C91D4296152C4F9AA0 /* SyncEndpoint.swift */,
				3565E55794B0FBDC4D87397A /* SyncTransport.swift */,
				D87C881F7E34724C846C8401 /* TimeSeries.swift */,
				7E02A8297D12920046053F31 /* TrendsView.swift */,
				BBD7BD21C30D2FFFD6DC1039 /* WorkoutRoutes.swift */,
			);
			path = HealthSync;
			sourceTree = "<group>";
		};
		28FBFFD0D3C692B467C9E997 = {
			isa = PBXGroup;
			children = (
				1618E30B30C691EB111703F1 /* HealthSync */,
				BB8B0B2D91DA9E4BDA2C1F2B /* HealthSyncWidget */,
				72A6BCE2D49036B8850F3AC3 /* Packages */,
				400E259121892A15184BB870 /* Shared */,
				04FE962AFCDCE2EB2C2661AA /* Products */,
			);
			sourceTree = "<group>";
		};
		400E259121892A15184BB870 /* Shared */ = {
			isa = PBXGroup;
			children = (
				A271D9B5DB8936C294849EAD /* WidgetSnapshot.swift */,
			);
			path = Shared;
			sourceTree = "<group>";
		};
		72A6BCE2D49036B8850F3AC3 /* Packages */ = {
			isa = PBXGroup;
			children = (
				F97FFCB67DFC1815C3F1D8EA /* pilot-swift */,
			);
			name = Packages;
			sourceTree = "<group>";
		};
		BB8B0B2D91DA9E4BDA2C1F2B /* HealthSyncWidget */ = {
			isa = PBXGroup;
			children = (
				2C8F1E15BBD43AC25D1507DD /* HealthSyncWidget.swift */,
			);
			path = HealthSyncWidget;
			sourceTree = "<group>";
		};
/* End PBXGroup section */

/* Begin PBXNativeTarget section */
		77355015D52EB5B006E970D9 /* HealthSyncWidget */ = {
			isa = PBXNativeTarget;
			buildConfigurationList = CB6C888F45388750F26F12B2 /* Build configuration list for PBXNativeTarget "HealthSyncWidget" */;
			buildPhases = (
				6112C74070780C31D9D3D34D /* Sources */,
			);
			buildRules = (
			);
			dependencies = (
			);
			name = HealthSyncWidget;
			packageProductDependencies = (
			);
			productName = HealthSyncWidget;
			productReference = EE163EAE608D81F2A8391A9E /* HealthSyncWidget.appex */;
			productType = "com.apple.product-type.app-extension";
		};
		892A921C4AE312FBC7AB053B /* HealthSync */ = {
			isa = PBXNativeTarget;
			buildConfigurationList = CD425CCA1BA42F6C69E6729D /* Build configuration list for PBXNativeTarget "HealthSync" */;
			buildPhases = (
				810254FFA098B3E2D484392A /* Sources */,
				9AB4843F388D5127C037E3D8 /* Resources */,
				E4452009DBDFBC8610956900 /* Frameworks */,
				084B510F46FD9D72F63B62DB /* Embed Foundation Extensions */,
			);
			buildRules = (
			);
			dependencies = (
				8AE2A8BAAF13C095D2735569 /* PBXTargetDependency */,
			);
			name = HealthSync;
			packageProductDependencies = (
				6B5AA7BEAF67C7069E4BF5B1 /* Pilot */,
			);
			productName = HealthSync;
			productReference = 1D343810F4B4383E36DAE2F1 /* HealthSync.app */;
			productType = "com.apple.product-type.application";
		};
/* End PBXNativeTarget section */

/* Begin PBXProject section */
		F4549D80C7EEB3189A9CF84C /* Project object */ = {
			isa = PBXProject;
			attributes = {
				BuildIndependentTargetsInParallel = YES;
				LastUpgradeCheck = 1600;
				TargetAttributes = {
					77355015D52EB5B006E970D9 = {
						ProvisioningStyle = Automatic;
					};
					892A921C4AE312FBC7AB053B = {
						ProvisioningStyle = Automatic;
					};
				};
			};
			buildConfigurationList = 57BE2FE37BCFCC442737DB1B /* Build configuration list for PBXProject "HealthSync" */;
			developmentRegion = en;
			hasScannedForEncodings = 0;
			knownRegions = (
				Base,
				en,
			);
			mainGroup = 28FBFFD0D3C692B467C9E997;
			minimizedProjectReferenceProxies = 1;
			packageReferences = (
				CC69E8473162BE3FA4693397 /* XCLocalSwiftPackageReference "../pilot-swift" */,
			);
			preferredProjectObjectVersion = 77;
			productRefGroup = 04FE962AFCDCE2EB2C2661AA /* Products */;
			projectDirPath = "";
			projectRoot = "";
			targets = (
				892A921C4AE312FBC7AB053B /* HealthSync */,
				77355015D52EB5B006E970D9 /* HealthSyncWidget */,
			);
		};
/* End PBXProject section */

/* Begin PBXResourcesBuildPhase section */
		9AB4843F388D5127C037E3D8 /* Resources */ = {
			isa = PBXResourcesBuildPhase;
			buildActionMask = 2147483647;
			files = (
				60E0E55B476C891293367148 /* Assets.xcassets in Resources */,
			);
			runOnlyForDeploymentPostprocessing = 0;
		};
/* End PBXResourcesBuildPhase section */

/* Begin PBXSourcesBuildPhase section */
		6112C74070780C31D9D3D34D /* Sources */ = {
			isa = PBXSourcesBuildPhase;
			buildActionMask = 2147483647;
			files = (
				AF5F8578BB687F2F01AB16BC /* HealthSyncWidget.swift in Sources */,
				C82AB7FBBC4128B09E6952E5 /* WidgetSnapshot.swift in Sources */,
			);
			runOnlyForDeploymentPostprocessing = 0;
		};
		810254FFA098B3E2D484392A /* Sources */ = {
			isa = PBXSourcesBuildPhase;
			buildActionMask = 2147483647;
			files = (
				1BCE687E026DB31B8C68E237 /* ContentView.swift in Sources */,
				CB2B0661E73609A3AAD32E5B /* DataTypes.swift in Sources */,
				0FF2B6965DD24AB3D14A0AED /* Diagnostics.swift in Sources */,
				7C4475382DE8EF4E2F84EA6B /* DiagnosticsView.swift in Sources */,
				5C2B6A39BCE5D153626F6E2B /* HealthSyncApp.swift in Sources */,
				03ABE208E653954FFA7C188B /* HealthSyncManager.swift in Sources */,
				A38D1CB049233F77B3B84441 /* HexGrid.swift in Sources */,
				6EEB8F77BB479D9E014129F7 /* InfoSheets.swift in Sources */,
				961864A58AD969EB7EC458BE /* LocationMapView.swift in Sources */,
				B1981469FD3A79F49CC29DBA /* LocationProvider.swift in Sources */,
				9177A1C6434EAD3BEA113D55 /* LocationSources.swift in Sources */,
				422395730B7AA2C3D90DACD4 /* Models.swift in Sources */,
				1098BC588CD635EFDB480A5E /* ModelsView.swift in Sources */,
				E31A011359BBC8C2E50E8B0F /* NetworkMonitor.swift in Sources */,
				C0F7A7E5CC6141AAFF7C5700 /* NotificationManager.swift in Sources */,
				A9BD6E8C6773EA71DE16642F /* PhotosLocationProvider.swift in Sources */,
				D334BBF1EA03D893B2592F6C /* PilotBoot.swift in Sources */,
				FB026DA8E2F105689A2468EF /* PilotSyncTransport.swift in Sources */,
				B67E22032D177630E33C2A9F /* Readiness.swift in Sources */,
				84DB43705F1E55FB6513C5E9 /* SpecMetrics.swift in Sources */,
				6D40966235AC5BF2425A7D2A /* SplashView.swift in Sources */,
				5242208F026698FE4502C7BD /* SyncEndpoint.swift in Sources */,
				9F4EB4AC9E8BF07E27316353 /* SyncTransport.swift in Sources */,
				C53BD3D1C444E070AE7E9260 /* TimeSeries.swift in Sources */,
				44A66230F4122A3E819DB3AB /* TrendsView.swift in Sources */,
				A0949629205DE44B804BB5B5 /* WidgetSnapshot.swift in Sources */,
				830CBD7D55890427DD949339 /* WorkoutRoutes.swift in Sources */,
			);
			runOnlyForDeploymentPostprocessing = 0;
		};
/* End PBXSourcesBuildPhase section */

/* Begin PBXTargetDependency section */
		8AE2A8BAAF13C095D2735569 /* PBXTargetDependency */ = {
			isa = PBXTargetDependency;
			target = 77355015D52EB5B006E970D9 /* HealthSyncWidget */;
			targetProxy = 1AD023981E161F6E45FC0D3A /* PBXContainerItemProxy */;
		};
/* End PBXTargetDependency section */

/* Begin XCBuildConfiguration section */
		56DF0796FD76A5E41A09155D /* Debug */ = {
			isa = XCBuildConfiguration;
			buildSettings = {
				CODE_SIGN_ENTITLEMENTS = HealthSyncWidget/HealthSyncWidget.entitlements;
				DEVELOPMENT_TEAM = W83KWX4GJ6;
				INFOPLIST_FILE = HealthSyncWidget/Info.plist;
				IPHONEOS_DEPLOYMENT_TARGET = 17.0;
				LD_RUNPATH_SEARCH_PATHS = (
					"$(inherited)",
					"@executable_path/Frameworks",
					"@executable_path/../../Frameworks",
				);
				PRODUCT_BUNDLE_IDENTIFIER = io.vulturelabs.healthsyncs.widget;
				SDKROOT = iphoneos;
				SKIP_INSTALL = YES;
				TARGETED_DEVICE_FAMILY = "1,2";
			};
			name = Debug;
		};
		5E7BEC9CDF6A3187C96D8D09 /* Release */ = {
			isa = XCBuildConfiguration;
			buildSettings = {
				ASSETCATALOG_COMPILER_APPICON_NAME = AppIcon;
				CODE_SIGN_ENTITLEMENTS = HealthSync/HealthSync.entitlements;
				CODE_SIGN_IDENTITY = "iPhone Developer";
				DEVELOPMENT_TEAM = W83KWX4GJ6;
				ENABLE_PREVIEWS = YES;
				INFOPLIST_FILE = HealthSync/Info.plist;
				IPHONEOS_DEPLOYMENT_TARGET = 17.0;
				LD_RUNPATH_SEARCH_PATHS = (
					"$(inherited)",
					"@executable_path/Frameworks",
				);
				PRODUCT_BUNDLE_IDENTIFIER = io.vulturelabs.healthsyncs;
				SDKROOT = iphoneos;
				SUPPORTS_MACCATALYST = NO;
				TARGETED_DEVICE_FAMILY = "1,2";
			};
			name = Release;
		};
		74A84F99F88A12F2F91CC76B /* Debug */ = {
			isa = XCBuildConfiguration;
			buildSettings = {
				ALWAYS_SEARCH_USER_PATHS = NO;
				CLANG_ANALYZER_NONNULL = YES;
				CLANG_ANALYZER_NUMBER_OBJECT_CONVERSION = YES_AGGRESSIVE;
				CLANG_CXX_LANGUAGE_STANDARD = "gnu++14";
				CLANG_CXX_LIBRARY = "libc++";
				CLANG_ENABLE_MODULES = YES;
				CLANG_ENABLE_OBJC_ARC = YES;
				CLANG_ENABLE_OBJC_WEAK = YES;
				CLANG_WARN_BLOCK_CAPTURE_AUTORELEASING = YES;
				CLANG_WARN_BOOL_CONVERSION = YES;
				CLANG_WARN_COMMA = YES;
				CLANG_WARN_CONSTANT_CONVERSION = YES;
				CLANG_WARN_DEPRECATED_OBJC_IMPLEMENTATIONS = YES;
				CLANG_WARN_DIRECT_OBJC_ISA_USAGE = YES_ERROR;
				CLANG_WARN_DOCUMENTATION_COMMENTS = YES;
				CLANG_WARN_EMPTY_BODY = YES;
				CLANG_WARN_ENUM_CONVERSION = YES;
				CLANG_WARN_INFINITE_RECURSION = YES;
				CLANG_WARN_INT_CONVERSION = YES;
				CLANG_WARN_NON_LITERAL_NULL_CONVERSION = YES;
				CLANG_WARN_OBJC_IMPLICIT_RETAIN_SELF = YES;
				CLANG_WARN_OBJC_LITERAL_CONVERSION = YES;
				CLANG_WARN_OBJC_ROOT_CLASS = YES_ERROR;
				CLANG_WARN_QUOTED_INCLUDE_IN_FRAMEWORK_HEADER = YES;
				CLANG_WARN_RANGE_LOOP_ANALYSIS = YES;
				CLANG_WARN_STRICT_PROTOTYPES = YES;
				CLANG_WARN_SUSPICIOUS_MOVE = YES;
				CLANG_WARN_UNGUARDED_AVAILABILITY = YES_AGGRESSIVE;
				CLANG_WARN_UNREACHABLE_CODE = YES;
				CLANG_WARN__DUPLICATE_METHOD_MATCH = YES;
				CODE_SIGN_STYLE = Automatic;
				COPY_PHASE_STRIP = NO;
				CURRENT_PROJECT_VERSION = 1;
				DEBUG_INFORMATION_FORMAT = dwarf;
				DEVELOPMENT_TEAM = "";
				ENABLE_STRICT_OBJC_MSGSEND = YES;
				ENABLE_TESTABILITY = YES;
				GCC_C_LANGUAGE_STANDARD = gnu11;
				GCC_DYNAMIC_NO_PIC = NO;
				GCC_NO_COMMON_BLOCKS = YES;
				GCC_OPTIMIZATION_LEVEL = 0;
				GCC_PREPROCESSOR_DEFINITIONS = (
					"$(inherited)",
					"DEBUG=1",
				);
				GCC_WARN_64_TO_32_BIT_CONVERSION = YES;
				GCC_WARN_ABOUT_RETURN_TYPE = YES_ERROR;
				GCC_WARN_UNDECLARED_SELECTOR = YES;
				GCC_WARN_UNINITIALIZED_AUTOS = YES_AGGRESSIVE;
				GCC_WARN_UNUSED_FUNCTION = YES;
				GCC_WARN_UNUSED_VARIABLE = YES;
				GENERATE_INFOPLIST_FILE = NO;
				MARKETING_VERSION = 0.1.0;
				MTL_ENABLE_DEBUG_INFO = INCLUDE_SOURCE;
				MTL_FAST_MATH = YES;
				ONLY_ACTIVE_ARCH = YES;
				PRODUCT_NAME = "$(TARGET_NAME)";
				SDKROOT = iphoneos;
				SWIFT_ACTIVE_COMPILATION_CONDITIONS = DEBUG;
				SWIFT_OPTIMIZATION_LEVEL = "-Onone";
				SWIFT_VERSION = 5.9;
			};
			name = Debug;
		};
		917D6698AB977A73A9885894 /* Debug */ = {
			isa = XCBuildConfiguration;
			buildSettings = {
				ASSETCATALOG_COMPILER_APPICON_NAME = AppIcon;
				CODE_SIGN_ENTITLEMENTS = HealthSync/HealthSync.entitlements;
				CODE_SIGN_IDENTITY = "iPhone Developer";
				DEVELOPMENT_TEAM = W83KWX4GJ6;
				ENABLE_PREVIEWS = YES;
				INFOPLIST_FILE = HealthSync/Info.plist;
				IPHONEOS_DEPLOYMENT_TARGET = 17.0;
				LD_RUNPATH_SEARCH_PATHS = (
					"$(inherited)",
					"@executable_path/Frameworks",
				);
				PRODUCT_BUNDLE_IDENTIFIER = io.vulturelabs.healthsyncs;
				SDKROOT = iphoneos;
				SUPPORTS_MACCATALYST = NO;
				TARGETED_DEVICE_FAMILY = "1,2";
			};
			name = Debug;
		};
		C11839D830848BE4CE40A20B /* Release */ = {
			isa = XCBuildConfiguration;
			buildSettings = {
				ALWAYS_SEARCH_USER_PATHS = NO;
				CLANG_ANALYZER_NONNULL = YES;
				CLANG_ANALYZER_NUMBER_OBJECT_CONVERSION = YES_AGGRESSIVE;
				CLANG_CXX_LANGUAGE_STANDARD = "gnu++14";
				CLANG_CXX_LIBRARY = "libc++";
				CLANG_ENABLE_MODULES = YES;
				CLANG_ENABLE_OBJC_ARC = YES;
				CLANG_ENABLE_OBJC_WEAK = YES;
				CLANG_WARN_BLOCK_CAPTURE_AUTORELEASING = YES;
				CLANG_WARN_BOOL_CONVERSION = YES;
				CLANG_WARN_COMMA = YES;
				CLANG_WARN_CONSTANT_CONVERSION = YES;
				CLANG_WARN_DEPRECATED_OBJC_IMPLEMENTATIONS = YES;
				CLANG_WARN_DIRECT_OBJC_ISA_USAGE = YES_ERROR;
				CLANG_WARN_DOCUMENTATION_COMMENTS = YES;
				CLANG_WARN_EMPTY_BODY = YES;
				CLANG_WARN_ENUM_CONVERSION = YES;
				CLANG_WARN_INFINITE_RECURSION = YES;
				CLANG_WARN_INT_CONVERSION = YES;
				CLANG_WARN_NON_LITERAL_NULL_CONVERSION = YES;
				CLANG_WARN_OBJC_IMPLICIT_RETAIN_SELF = YES;
				CLANG_WARN_OBJC_LITERAL_CONVERSION = YES;
				CLANG_WARN_OBJC_ROOT_CLASS = YES_ERROR;
				CLANG_WARN_QUOTED_INCLUDE_IN_FRAMEWORK_HEADER = YES;
				CLANG_WARN_RANGE_LOOP_ANALYSIS = YES;
				CLANG_WARN_STRICT_PROTOTYPES = YES;
				CLANG_WARN_SUSPICIOUS_MOVE = YES;
				CLANG_WARN_UNGUARDED_AVAILABILITY = YES_AGGRESSIVE;
				CLANG_WARN_UNREACHABLE_CODE = YES;
				CLANG_WARN__DUPLICATE_METHOD_MATCH = YES;
				CODE_SIGN_STYLE = Automatic;
				COPY_PHASE_STRIP = NO;
				CURRENT_PROJECT_VERSION = 1;
				DEBUG_INFORMATION_FORMAT = "dwarf-with-dsym";
				DEVELOPMENT_TEAM = "";
				ENABLE_NS_ASSERTIONS = NO;
				ENABLE_STRICT_OBJC_MSGSEND = YES;
				GCC_C_LANGUAGE_STANDARD = gnu11;
				GCC_NO_COMMON_BLOCKS = YES;
				GCC_WARN_64_TO_32_BIT_CONVERSION = YES;
				GCC_WARN_ABOUT_RETURN_TYPE = YES_ERROR;
				GCC_WARN_UNDECLARED_SELECTOR = YES;
				GCC_WARN_UNINITIALIZED_AUTOS = YES_AGGRESSIVE;
				GCC_WARN_UNUSED_FUNCTION = YES;
				GCC_WARN_UNUSED_VARIABLE = YES;
				GENERATE_INFOPLIST_FILE = NO;
				MARKETING_VERSION = 0.1.0;
				MTL_ENABLE_DEBUG_INFO = NO;
				MTL_FAST_MATH = YES;
				PRODUCT_NAME = "$(TARGET_NAME)";
				SDKROOT = iphoneos;
				SWIFT_COMPILATION_MODE = wholemodule;
				SWIFT_OPTIMIZATION_LEVEL = "-O";
				SWIFT_VERSION = 5.9;
			};
			name = Release;
		};
		E1997077254685389E9B8788 /* Release */ = {
			isa = XCBuildConfiguration;
			buildSettings = {
				CODE_SIGN_ENTITLEMENTS = HealthSyncWidget/HealthSyncWidget.entitlements;
				DEVELOPMENT_TEAM = W83KWX4GJ6;
				INFOPLIST_FILE = HealthSyncWidget/Info.plist;
				IPHONEOS_DEPLOYMENT_TARGET = 17.0;
				LD_RUNPATH_SEARCH_PATHS = (
					"$(inherited)",
					"@executable_path/Frameworks",
					"@executable_path/../../Frameworks",
				);
				PRODUCT_BUNDLE_IDENTIFIER = io.vulturelabs.healthsyncs.widget;
				SDKROOT = iphoneos;
				SKIP_INSTALL = YES;
				TARGETED_DEVICE_FAMILY = "1,2";
			};
			name = Release;
		};
/* End XCBuildConfiguration section */

/* Begin XCConfigurationList section */
		57BE2FE37BCFCC442737DB1B /* Build configuration list for PBXProject "HealthSync" */ = {
			isa = XCConfigurationList;
			buildConfigurations = (
				74A84F99F88A12F2F91CC76B /* Debug */,
				C11839D830848BE4CE40A20B /* Release */,
			);
			defaultConfigurationIsVisible = 0;
			defaultConfigurationName = Debug;
		};
		CB6C888F45388750F26F12B2 /* Build configuration list for PBXNativeTarget "HealthSyncWidget" */ = {
			isa = XCConfigurationList;
			buildConfigurations = (
				56DF0796FD76A5E41A09155D /* Debug */,
				E1997077254685389E9B8788 /* Release */,
			);
			defaultConfigurationIsVisible = 0;
			defaultConfigurationName = Debug;
		};
		CD425CCA1BA42F6C69E6729D /* Build configuration list for PBXNativeTarget "HealthSync" */ = {
			isa = XCConfigurationList;
			buildConfigurations = (
				917D6698AB977A73A9885894 /* Debug */,
				5E7BEC9CDF6A3187C96D8D09 /* Release */,
			);
			defaultConfigurationIsVisible = 0;
			defaultConfigurationName = Debug;
		};
/* End XCConfigurationList section */

/* Begin XCLocalSwiftPackageReference section */
		CC69E8473162BE3FA4693397 /* XCLocalSwiftPackageReference "../pilot-swift" */ = {
			isa = XCLocalSwiftPackageReference;
			relativePath = "../pilot-swift";
		};
/* End XCLocalSwiftPackageReference section */

/* Begin XCSwiftPackageProductDependency section */
		6B5AA7BEAF67C7069E4BF5B1 /* Pilot */ = {
			isa = XCSwiftPackageProductDependency;
			productName = Pilot;
		};
/* End XCSwiftPackageProductDependency section */
	};
	rootObject = F4549D80C7EEB3189A9CF84C /* Project object */;
}
